// !$*UTF8*$!
{
	archiveVersion = 1;
	classes = {
	};
	objectVersion = 50;
	objects = {

/* Begin PBXBuildFile section */
		95F57458218D0BB700E7FF61 /* AppDelegate.swift in Sources */ = {isa = PBXBuildFile; fileRef = 95F57457218D0BB700E7FF61 /* AppDelegate.swift */; };
		95F5745A218D0BB700E7FF61 /* ViewController.swift in Sources */ = {isa = PBXBuildFile; fileRef = 95F57459218D0BB700E7FF61 /* ViewController.swift */; };
		95F5745D218D0BB700E7FF61 /* Main.storyboard in Resources */ = {isa = PBXBuildFile; fileRef = 95F5745B218D0BB700E7FF61 /* Main.storyboard */; };
		95F5745F218D0BBA00E7FF61 /* Assets.xcassets in Resources */ = {isa = PBXBuildFile; fileRef = 95F5745E218D0BBA00E7FF61 /* Assets.xcassets */; };
		95F57462218D0BBA00E7FF61 /* LaunchScreen.storyboard in Resources */ = {isa = PBXBuildFile; fileRef = 95F57460218D0BBA00E7FF61 /* LaunchScreen.storyboard */; };
		95F5746D218D0BBA00E7FF61 /* Adopt_A_PlotTests.swift in Sources */ = {isa = PBXBuildFile; fileRef = 95F5746C218D0BBA00E7FF61 /* Adopt_A_PlotTests.swift */; };
		95F57478218D0BBB00E7FF61 /* Adopt_A_PlotUITests.swift in Sources */ = {isa = PBXBuildFile; fileRef = 95F57477218D0BBB00E7FF61 /* Adopt_A_PlotUITests.swift */; };
/* End PBXBuildFile section */

/* Begin PBXContainerItemProxy section */
		95F57469218D0BBA00E7FF61 /* PBXContainerItemProxy */ = {
			isa = PBXContainerItemProxy;
			containerPortal = 95F5744C218D0BB600E7FF61 /* Project object */;
			proxyType = 1;
			remoteGlobalIDString = 95F57453218D0BB600E7FF61;
			remoteInfo = "Adopt-A-Plot";
		};
		95F57474218D0BBA00E7FF61 /* PBXContainerItemProxy */ = {
			isa = PBXContainerItemProxy;
			containerPortal = 95F5744C218D0BB600E7FF61 /* Project object */;
			proxyType = 1;
			remoteGlobalIDString = 95F57453218D0BB600E7FF61;
			remoteInfo = "Adopt-A-Plot";
		};
/* End PBXContainerItemProxy section */

/* Begin PBXFileReference section */
		95F57454218D0BB700E7FF61 /* Adopt-A-Plot.app */ = {isa = PBXFileReference; explicitFileType = wrapper.application; includeInIndex = 0; path = "Adopt-A-Plot.app"; sourceTree = BUILT_PRODUCTS_DIR; };
		95F57457218D0BB700E7FF61 /* AppDelegate.swift */ = {isa = PBXFileReference; lastKnownFileType = sourcecode.swift; path = AppDelegate.swift; sourceTree = "<group>"; };
		95F57459218D0BB700E7FF61 /* ViewController.swift */ = {isa = PBXFileReference; lastKnownFileType = sourcecode.swift; path = ViewController.swift; sourceTree = "<group>"; };
		95F5745C218D0BB700E7FF61 /* Base */ = {isa = PBXFileReference; lastKnownFileType = file.storyboard; name = Base; path = Base.lproj/Main.storyboard; sourceTree = "<group>"; };
		95F5745E218D0BBA00E7FF61 /* Assets.xcassets */ = {isa = PBXFileReference; lastKnownFileType = folder.assetcatalog; path = Assets.xcassets; sourceTree = "<group>"; };
		95F57461218D0BBA00E7FF61 /* Base */ = {isa = PBXFileReference; lastKnownFileType = file.storyboard; name = Base; path = Base.lproj/LaunchScreen.storyboard; sourceTree = "<group>"; };
		95F57463218D0BBA00E7FF61 /* Info.plist */ = {isa = PBXFileReference; lastKnownFileType = text.plist.xml; path = Info.plist; sourceTree = "<group>"; };
		95F57468218D0BBA00E7FF61 /* Adopt-A-PlotTests.xctest */ = {isa = PBXFileReference; explicitFileType = wrapper.cfbundle; includeInIndex = 0; path = "Adopt-A-PlotTests.xctest"; sourceTree = BUILT_PRODUCTS_DIR; };
		95F5746C218D0BBA00E7FF61 /* Adopt_A_PlotTests.swift */ = {isa = PBXFileReference; lastKnownFileType = sourcecode.swift; path = Adopt_A_PlotTests.swift; sourceTree = "<group>"; };
		95F5746E218D0BBA00E7FF61 /* Info.plist */ = {isa = PBXFileReference; lastKnownFileType = text.plist.xml; path = Info.plist; sourceTree = "<group>"; };
		95F57473218D0BBA00E7FF61 /* Adopt-A-PlotUITests.xctest */ = {isa = PBXFileReference; explicitFileType = wrapper.cfbundle; includeInIndex = 0; path = "Adopt-A-PlotUITests.xctest"; sourceTree = BUILT_PRODUCTS_DIR; };
		95F57477218D0BBB00E7FF61 /* Adopt_A_PlotUITests.swift */ = {isa = PBXFileReference; lastKnownFileType = sourcecode.swift; path = Adopt_A_PlotUITests.swift; sourceTree = "<group>"; };
		95F57479218D0BBB00E7FF61 /* Info.plist */ = {isa = PBXFileReference; lastKnownFileType = text.plist.xml; path = Info.plist; sourceTree = "<group>"; };
/* End PBXFileReference section */

/* Begin PBXFrameworksBuildPhase section */
		95F57451218D0BB600E7FF61 /* Frameworks */ = {
			isa = PBXFrameworksBuildPhase;
			buildActionMask = 2147483647;
			files = (
			);
			runOnlyForDeploymentPostprocessing = 0;
		};
		95F57465218D0BBA00E7FF61 /* Frameworks */ = {
			isa = PBXFrameworksBuildPhase;
			buildActionMask = 2147483647;
			files = (
			);
			runOnlyForDeploymentPostprocessing = 0;
		};
		95F57470218D0BBA00E7FF61 /* Frameworks */ = {
			isa = PBXFrameworksBuildPhase;
			buildActionMask = 2147483647;
			files = (
			);
			runOnlyForDeploymentPostprocessing = 0;
		};
/* End PBXFrameworksBuildPhase section */

/* Begin PBXGroup section */
		95F5744B218D0BB600E7FF61 = {
			isa = PBXGroup;
			children = (
				95F57456218D0BB700E7FF61 /* Adopt-A-Plot */,
				95F5746B218D0BBA00E7FF61 /* Adopt-A-PlotTests */,
				95F57476218D0BBA00E7FF61 /* Adopt-A-PlotUITests */,
				95F57455218D0BB700E7FF61 /* Products */,
			);
			sourceTree = "<group>";
		};
		95F57455218D0BB700E7FF61 /* Products */ = {
			isa = PBXGroup;
			children = (
				95F57454218D0BB700E7FF61 /* Adopt-A-Plot.app */,
				95F57468218D0BBA00E7FF61 /* Adopt-A-PlotTests.xctest */,
				95F57473218D0BBA00E7FF61 /* Adopt-A-PlotUITests.xctest */,
			);
			name = Products;
			sourceTree = "<group>";
		};
		95F57456218D0BB700E7FF61 /* Adopt-A-Plot */ = {
			isa = PBXGroup;
			children = (
				95F57457218D0BB700E7FF61 /* AppDelegate.swift */,
				95F57459218D0BB700E7FF61 /* ViewController.swift */,
				95F5745B218D0BB700E7FF61 /* Main.storyboard */,
				95F5745E218D0BBA00E7FF61 /* Assets.xcassets */,
				95F57460218D0BBA00E7FF61 /* LaunchScreen.storyboard */,
				95F57463218D0BBA00E7FF61 /* Info.plist */,
			);
			path = "Adopt-A-Plot";
			sourceTree = "<group>";
		};
		95F5746B218D0BBA00E7FF61 /* Adopt-A-PlotTests */ = {
			isa = PBXGroup;
			children = (
				95F5746C218D0BBA00E7FF61 /* Adopt_A_PlotTests.swift */,
				95F5746E218D0BBA00E7FF61 /* Info.plist */,
			);
			path = "Adopt-A-PlotTests";
			sourceTree = "<group>";
		};
		95F57476218D0BBA00E7FF61 /* Adopt-A-PlotUITests */ = {
			isa = PBXGroup;
			children = (
				95F57477218D0BBB00E7FF61 /* Adopt_A_PlotUITests.swift */,
				95F57479218D0BBB00E7FF61 /* Info.plist */,
			);
			path = "Adopt-A-PlotUITests";
			sourceTree = "<group>";
		};
/* End PBXGroup section */

/* Begin PBXNativeTarget section */
		95F57453218D0BB600E7FF61 /* Adopt-A-Plot */ = {
			isa = PBXNativeTarget;
			buildConfigurationList = 95F5747C218D0BBB00E7FF61 /* Build configuration list for PBXNativeTarget "Adopt-A-Plot" */;
			buildPhases = (
				95F57450218D0BB600E7FF61 /* Sources */,
				95F57451218D0BB600E7FF61 /* Frameworks */,
				95F57452218D0BB600E7FF61 /* Resources */,
			);
			buildRules = (
			);
			dependencies = (
			);
			name = "Adopt-A-Plot";
			productName = "Adopt-A-Plot";
			productReference = 95F57454218D0BB700E7FF61 /* Adopt-A-Plot.app */;
			productType = "com.apple.product-type.application";
		};
		95F57467218D0BBA00E7FF61 /* Adopt-A-PlotTests */ = {
			isa = PBXNativeTarget;
			buildConfigurationList = 95F5747F218D0BBB00E7FF61 /* Build configuration list for PBXNativeTarget "Adopt-A-PlotTests" */;
			buildPhases = (
				95F57464218D0BBA00E7FF61 /* Sources */,
				95F57465218D0BBA00E7FF61 /* Frameworks */,
				95F57466218D0BBA00E7FF61 /* Resources */,
			);
			buildRules = (
			);
			dependencies = (
				95F5746A218D0BBA00E7FF61 /* PBXTargetDependency */,
			);
			name = "Adopt-A-PlotTests";
			productName = "Adopt-A-PlotTests";
			productReference = 95F57468218D0BBA00E7FF61 /* Adopt-A-PlotTests.xctest */;
			productType = "com.apple.product-type.bundle.unit-test";
		};
		95F57472218D0BBA00E7FF61 /* Adopt-A-PlotUITests */ = {
			isa = PBXNativeTarget;
			buildConfigurationList = 95F57482218D0BBB00E7FF61 /* Build configuration list for PBXNativeTarget "Adopt-A-PlotUITests" */;
			buildPhases = (
				95F5746F218D0BBA00E7FF61 /* Sources */,
				95F57470218D0BBA00E7FF61 /* Frameworks */,
				95F57471218D0BBA00E7FF61 /* Resources */,
			);
			buildRules = (
			);
			dependencies = (
				95F57475218D0BBA00E7FF61 /* PBXTargetDependency */,
			);
			name = "Adopt-A-PlotUITests";
			productName = "Adopt-A-PlotUITests";
			productReference = 95F57473218D0BBA00E7FF61 /* Adopt-A-PlotUITests.xctest */;
			productType = "com.apple.product-type.bundle.ui-testing";
		};
/* End PBXNativeTarget section */

/* Begin PBXProject section */
		95F5744C218D0BB600E7FF61 /* Project object */ = {
			isa = PBXProject;
			attributes = {
				LastSwiftUpdateCheck = 1010;
				LastUpgradeCheck = 1010;
				ORGANIZATIONNAME = "Ari Wasch";
				TargetAttributes = {
					95F57453218D0BB600E7FF61 = {
						CreatedOnToolsVersion = 10.1;
					};
					95F57467218D0BBA00E7FF61 = {
						CreatedOnToolsVersion = 10.1;
						TestTargetID = 95F57453218D0BB600E7FF61;
					};
					95F57472218D0BBA00E7FF61 = {
						CreatedOnToolsVersion = 10.1;
						TestTargetID = 95F57453218D0BB600E7FF61;
					};
				};
			};
			buildConfigurationList = 95F5744F218D0BB600E7FF61 /* Build configuration list for PBXProject "Adopt-A-Plot" */;
			compatibilityVersion = "Xcode 9.3";
			developmentRegion = en;
			hasScannedForEncodings = 0;
			knownRegions = (
				en,
				Base,
			);
			mainGroup = 95F5744B218D0BB600E7FF61;
			productRefGroup = 95F57455218D0BB700E7FF61 /* Products */;
			projectDirPath = "";
			projectRoot = "";
			targets = (
				95F57453218D0BB600E7FF61 /* Adopt-A-Plot */,
				95F57467218D0BBA00E7FF61 /* Adopt-A-PlotTests */,
				95F57472218D0BBA00E7FF61 /* Adopt-A-PlotUITests */,
			);
		};
/* End PBXProject section */

/* Begin PBXResourcesBuildPhase section */
		95F57452218D0BB600E7FF61 /* Resources */ = {
			isa = PBXResourcesBuildPhase;
			buildActionMask = 2147483647;
			files = (
				95F57462218D0BBA00E7FF61 /* LaunchScreen.storyboard in Resources */,
				95F5745F218D0BBA00E7FF61 /* Assets.xcassets in Resources */,
				95F5745D218D0BB700E7FF61 /* Main.storyboard in Resources */,
			);
			runOnlyForDeploymentPostprocessing = 0;
		};
		95F57466218D0BBA00E7FF61 /* Resources */ = {
			isa = PBXResourcesBuildPhase;
			buildActionMask = 2147483647;
			files = (
			);
			runOnlyForDeploymentPostprocessing = 0;
		};
		95F57471218D0BBA00E7FF61 /* Resources */ = {
			isa = PBXResourcesBuildPhase;
			buildActionMask = 2147483647;
			files = (
			);
			runOnlyForDeploymentPostprocessing = 0;
		};
/* End PBXResourcesBuildPhase section */

/* Begin PBXSourcesBuildPhase section */
		95F57450218D0BB600E7FF61 /* Sources */ = {
			isa = PBXSourcesBuildPhase;
			buildActionMask = 2147483647;
			files = (
				95F5745A218D0BB700E7FF61 /* ViewController.swift in Sources */,
				95F57458218D0BB700E7FF61 /* AppDelegate.swift in Sources */,
			);
			runOnlyForDeploymentPostprocessing = 0;
		};
		95F57464218D0BBA00E7FF61 /* Sources */ = {
			isa = PBXSourcesBuildPhase;
			buildActionMask = 2147483647;
			files = (
				95F5746D218D0BBA00E7FF61 /* Adopt_A_PlotTests.swift in Sources */,
			);
			runOnlyForDeploymentPostprocessing = 0;
		};
		95F5746F218D0BBA00E7FF61 /* Sources */ = {
			isa = PBXSourcesBuildPhase;
			buildActionMask = 2147483647;
			files = (
				95F57478218D0BBB00E7FF61 /* Adopt_A_PlotUITests.swift in Sources */,
			);
			runOnlyForDeploymentPostprocessing = 0;
		};
/* End PBXSourcesBuildPhase section */

/* Begin PBXTargetDependency section */
		95F5746A218D0BBA00E7FF61 /* PBXTargetDependency */ = {
			isa = PBXTargetDependency;
			target = 95F57453218D0BB600E7FF61 /* Adopt-A-Plot */;
			targetProxy = 95F57469218D0BBA00E7FF61 /* PBXContainerItemProxy */;
		};
		95F57475218D0BBA00E7FF61 /* PBXTargetDependency */ = {
			isa = PBXTargetDependency;
			target = 95F57453218D0BB600E7FF61 /* Adopt-A-Plot */;
			targetProxy = 95F57474218D0BBA00E7FF61 /* PBXContainerItemProxy */;
		};
/* End PBXTargetDependency section */

/* Begin PBXVariantGroup section */
		95F5745B218D0BB700E7FF61 /* Main.storyboard */ = {
			isa = PBXVariantGroup;
			children = (
				95F5745C218D0BB700E7FF61 /* Base */,
			);
			name = Main.storyboard;
			sourceTree = "<group>";
		};
		95F57460218D0BBA00E7FF61 /* LaunchScreen.storyboard */ = {
			isa = PBXVariantGroup;
			children = (
				95F57461218D0BBA00E7FF61 /* Base */,
			);
			name = LaunchScreen.storyboard;
			sourceTree = "<group>";
		};
/* End PBXVariantGroup section */

/* Begin XCBuildConfiguration section */
		95F5747A218D0BBB00E7FF61 /* Debug */ = {
			isa = XCBuildConfiguration;
			buildSettings = {
				ALWAYS_SEARCH_USER_PATHS = NO;
				CLANG_ANALYZER_NONNULL = YES;
				CLANG_ANALYZER_NUMBER_OBJECT_CONVERSION = YES_AGGRESSIVE;
				CLANG_CXX_LANGUAGE_STANDARD = "gnu++14";
				CLANG_CXX_LIBRARY = "libc++";
				CLANG_ENABLE_MODULES = YES;
				CLANG_ENABLE_OBJC_ARC = YES;
				CLANG_ENABLE_OBJC_WEAK = YES;
				CLANG_WARN_BLOCK_CAPTURE_AUTORELEASING = YES;
				CLANG_WARN_BOOL_CONVERSION = YES;
				CLANG_WARN_COMMA = YES;
				CLANG_WARN_CONSTANT_CONVERSION = YES;
				CLANG_WARN_DEPRECATED_OBJC_IMPLEMENTATIONS = YES;
				CLANG_WARN_DIRECT_OBJC_ISA_USAGE = YES_ERROR;
				CLANG_WARN_DOCUMENTATION_COMMENTS = YES;
				CLANG_WARN_EMPTY_BODY = YES;
				CLANG_WARN_ENUM_CONVERSION = YES;
				CLANG_WARN_INFINITE_RECURSION = YES;
				CLANG_WARN_INT_CONVERSION = YES;
				CLANG_WARN_NON_LITERAL_NULL_CONVERSION = YES;
				CLANG_WARN_OBJC_IMPLICIT_RETAIN_SELF = YES;
				CLANG_WARN_OBJC_LITERAL_CONVERSION = YES;
				CLANG_WARN_OBJC_ROOT_CLASS = YES_ERROR;
				CLANG_WARN_RANGE_LOOP_ANALYSIS = YES;
				CLANG_WARN_STRICT_PROTOTYPES = YES;
				CLANG_WARN_SUSPICIOUS_MOVE = YES;
				CLANG_WARN_UNGUARDED_AVAILABILITY = YES_AGGRESSIVE;
				CLANG_WARN_UNREACHABLE_CODE = YES;
				CLANG_WARN__DUPLICATE_METHOD_MATCH = YES;
				CODE_SIGN_IDENTITY = "iPhone Developer";
				COPY_PHASE_STRIP = NO;
				DEBUG_INFORMATION_FORMAT = dwarf;
				ENABLE_STRICT_OBJC_MSGSEND = YES;
				ENABLE_TESTABILITY = YES;
				GCC_C_LANGUAGE_STANDARD = gnu11;
				GCC_DYNAMIC_NO_PIC = NO;
				GCC_NO_COMMON_BLOCKS = YES;
				GCC_OPTIMIZATION_LEVEL = 0;
				GCC_PREPROCESSOR_DEFINITIONS = (
					"DEBUG=1",
					"$(inherited)",
				);
				GCC_WARN_64_TO_32_BIT_CONVERSION = YES;
				GCC_WARN_ABOUT_RETURN_TYPE = YES_ERROR;
				GCC_WARN_UNDECLARED_SELECTOR = YES;
				GCC_WARN_UNINITIALIZED_AUTOS = YES_AGGRESSIVE;
				GCC_WARN_UNUSED_FUNCTION = YES;
				GCC_WARN_UNUSED_VARIABLE = YES;
				IPHONEOS_DEPLOYMENT_TARGET = 12.1;
				MTL_ENABLE_DEBUG_INFO = INCLUDE_SOURCE;
				MTL_FAST_MATH = YES;
				ONLY_ACTIVE_ARCH = YES;
				SDKROOT = iphoneos;
				SWIFT_ACTIVE_COMPILATION_CONDITIONS = DEBUG;
				SWIFT_OPTIMIZATION_LEVEL = "-Onone";
			};
			name = Debug;
		};
		95F5747B218D0BBB00E7FF61 /* Release */ = {
			isa = XCBuildConfiguration;
			buildSettings = {
				ALWAYS_SEARCH_USER_PATHS = NO;
				CLANG_ANALYZER_NONNULL = YES;
				CLANG_ANALYZER_NUMBER_OBJECT_CONVERSION = YES_AGGRESSIVE;
				CLANG_CXX_LANGUAGE_STANDARD = "gnu++14";
				CLANG_CXX_LIBRARY = "libc++";
				CLANG_ENABLE_MODULES = YES;
				CLANG_ENABLE_OBJC_ARC = YES;
				CLANG_ENABLE_OBJC_WEAK = YES;
				CLANG_WARN_BLOCK_CAPTURE_AUTORELEASING = YES;
				CLANG_WARN_BOOL_CONVERSION = YES;
				CLANG_WARN_COMMA = YES;
				CLANG_WARN_CONSTANT_CONVERSION = YES;
				CLANG_WARN_DEPRECATED_OBJC_IMPLEMENTATIONS = YES;
				CLANG_WARN_DIRECT_OBJC_ISA_USAGE = YES_ERROR;
				CLANG_WARN_DOCUMENTATION_COMMENTS = YES;
				CLANG_WARN_EMPTY_BODY = YES;
				CLANG_WARN_ENUM_CONVERSION = YES;
				CLANG_WARN_INFINITE_RECURSION = YES;
				CLANG_WARN_INT_CONVERSION = YES;
				CLANG_WARN_NON_LITERAL_NULL_CONVERSION = YES;
				CLANG_WARN_OBJC_IMPLICIT_RETAIN_SELF = YES;
				CLANG_WARN_OBJC_LITERAL_CONVERSION = YES;
				CLANG_WARN_OBJC_ROOT_CLASS = YES_ERROR;
				CLANG_WARN_RANGE_LOOP_ANALYSIS = YES;
				CLANG_WARN_STRICT_PROTOTYPES = YES;
				CLANG_WARN_SUSPICIOUS_MOVE = YES;
				CLANG_WARN_UNGUARDED_AVAILABILITY = YES_AGGRESSIVE;
				CLANG_WARN_UNREACHABLE_CODE = YES;
				CLANG_WARN__DUPLICATE_METHOD_MATCH = YES;
				CODE_SIGN_IDENTITY = "iPhone Developer";
				COPY_PHASE_STRIP = NO;
				DEBUG_INFORMATION_FORMAT = "dwarf-with-dsym";
				ENABLE_NS_ASSERTIONS = NO;
				ENABLE_STRICT_OBJC_MSGSEND = YES;
				GCC_C_LANGUAGE_STANDARD = gnu11;
				GCC_NO_COMMON_BLOCKS = YES;
				GCC_WARN_64_TO_32_BIT_CONVERSION = YES;
				GCC_WARN_ABOUT_RETURN_TYPE = YES_ERROR;
				GCC_WARN_UNDECLARED_SELECTOR = YES;
				GCC_WARN_UNINITIALIZED_AUTOS = YES_AGGRESSIVE;
				GCC_WARN_UNUSED_FUNCTION = YES;
				GCC_WARN_UNUSED_VARIABLE = YES;
				IPHONEOS_DEPLOYMENT_TARGET = 12.1;
				MTL_ENABLE_DEBUG_INFO = NO;
				MTL_FAST_MATH = YES;
				SDKROOT = iphoneos;
				SWIFT_COMPILATION_MODE = wholemodule;
				SWIFT_OPTIMIZATION_LEVEL = "-O";
				VALIDATE_PRODUCT = YES;
			};
			name = Release;
		};
		95F5747D218D0BBB00E7FF61 /* Debug */ = {
			isa = XCBuildConfiguration;
			buildSettings = {
				ASSETCATALOG_COMPILER_APPICON_NAME = AppIcon;
				CODE_SIGN_STYLE = Automatic;
				INFOPLIST_FILE = "Adopt-A-Plot/Info.plist";
				LD_RUNPATH_SEARCH_PATHS = (
					"$(inherited)",
					"@executable_path/Frameworks",
				);
				PRODUCT_BUNDLE_IDENTIFIER = "Ari-Wasch.Adopt-A-Plot";
				PRODUCT_NAME = "$(TARGET_NAME)";
				SWIFT_VERSION = 4.2;
				TARGETED_DEVICE_FAMILY = "1,2";
			};
			name = Debug;
		};
		95F5747E218D0BBB00E7FF61 /* Release */ = {
			isa = XCBuildConfiguration;
			buildSettings = {
				ASSETCATALOG_COMPILER_APPICON_NAME = AppIcon;
				CODE_SIGN_STYLE = Automatic;
				INFOPLIST_FILE = "Adopt-A-Plot/Info.plist";
				LD_RUNPATH_SEARCH_PATHS = (
					"$(inherited)",
					"@executable_path/Frameworks",
				);
				PRODUCT_BUNDLE_IDENTIFIER = "Ari-Wasch.Adopt-A-Plot";
				PRODUCT_NAME = "$(TARGET_NAME)";
				SWIFT_VERSION = 4.2;
				TARGETED_DEVICE_FAMILY = "1,2";
			};
			name = Release;
		};
		95F57480218D0BBB00E7FF61 /* Debug */ = {
			isa = XCBuildConfiguration;
			buildSettings = {
				ALWAYS_EMBED_SWIFT_STANDARD_LIBRARIES = YES;
				BUNDLE_LOADER = "$(TEST_HOST)";
				CODE_SIGN_STYLE = Automatic;
				INFOPLIST_FILE = "Adopt-A-PlotTests/Info.plist";
				LD_RUNPATH_SEARCH_PATHS = (
					"$(inherited)",
					"@executable_path/Frameworks",
					"@loader_path/Frameworks",
				);
				PRODUCT_BUNDLE_IDENTIFIER = "Ari-Wasch.Adopt-A-PlotTests";
				PRODUCT_NAME = "$(TARGET_NAME)";
				SWIFT_VERSION = 4.2;
				TARGETED_DEVICE_FAMILY = "1,2";
				TEST_HOST = "$(BUILT_PRODUCTS_DIR)/Adopt-A-Plot.app/Adopt-A-Plot";
			};
			name = Debug;
		};
		95F57481218D0BBB00E7FF61 /* Release */ = {
			isa = XCBuildConfiguration;
			buildSettings = {
				ALWAYS_EMBED_SWIFT_STANDARD_LIBRARIES = YES;
				BUNDLE_LOADER = "$(TEST_HOST)";
				CODE_SIGN_STYLE = Automatic;
				INFOPLIST_FILE = "Adopt-A-PlotTests/Info.plist";
				LD_RUNPATH_SEARCH_PATHS = (
					"$(inherited)",
					"@executable_path/Frameworks",
					"@loader_path/Frameworks",
				);
				PRODUCT_BUNDLE_IDENTIFIER = "Ari-Wasch.Adopt-A-PlotTests";
				PRODUCT_NAME = "$(TARGET_NAME)";
				SWIFT_VERSION = 4.2;
				TARGETED_DEVICE_FAMILY = "1,2";
				TEST_HOST = "$(BUILT_PRODUCTS_DIR)/Adopt-A-Plot.app/Adopt-A-Plot";
			};
			name = Release;
		};
		95F57483218D0BBB00E7FF61 /* Debug */ = {
			isa = XCBuildConfiguration;
			buildSettings = {
				ALWAYS_EMBED_SWIFT_STANDARD_LIBRARIES = YES;
				CODE_SIGN_STYLE = Automatic;
				INFOPLIST_FILE = "Adopt-A-PlotUITests/Info.plist";
				LD_RUNPATH_SEARCH_PATHS = (
					"$(inherited)",
					"@executable_path/Frameworks",
					"@loader_path/Frameworks",
				);
				PRODUCT_BUNDLE_IDENTIFIER = "Ari-Wasch.Adopt-A-PlotUITests";
				PRODUCT_NAME = "$(TARGET_NAME)";
				SWIFT_VERSION = 4.2;
				TARGETED_DEVICE_FAMILY = "1,2";
				TEST_TARGET_NAME = "Adopt-A-Plot";
			};
			name = Debug;
		};
		95F57484218D0BBB00E7FF61 /* Release */ = {
			isa = XCBuildConfiguration;
			buildSettings = {
				ALWAYS_EMBED_SWIFT_STANDARD_LIBRARIES = YES;
				CODE_SIGN_STYLE = Automatic;
				INFOPLIST_FILE = "Adopt-A-PlotUITests/Info.plist";
				LD_RUNPATH_SEARCH_PATHS = (
					"$(inherited)",
					"@executable_path/Frameworks",
					"@loader_path/Frameworks",
				);
				PRODUCT_BUNDLE_IDENTIFIER = "Ari-Wasch.Adopt-A-PlotUITests";
				PRODUCT_NAME = "$(TARGET_NAME)";
				SWIFT_VERSION = 4.2;
				TARGETED_DEVICE_FAMILY = "1,2";
				TEST_TARGET_NAME = "Adopt-A-Plot";
			};
			name = Release;
		};
/* End XCBuildConfiguration section */

/* Begin XCConfigurationList section */
		95F5744F218D0BB600E7FF61 /* Build configuration list for PBXProject "Adopt-A-Plot" */ = {
			isa = XCConfigurationList;
			buildConfigurations = (
				95F5747A218D0BBB00E7FF61 /* Debug */,
				95F5747B218D0BBB00E7FF61 /* Release */,
			);
			defaultConfigurationIsVisible = 0;
			defaultConfigurationName = Release;
		};
		95F5747C218D0BBB00E7FF61 /* Build configuration list for PBXNativeTarget "Adopt-A-Plot" */ = {
			isa = XCConfigurationList;
			buildConfigurations = (
				95F5747D218D0BBB00E7FF61 /* Debug */,
				95F5747E218D0BBB00E7FF61 /* Release */,
			);
			defaultConfigurationIsVisible = 0;
			defaultConfigurationName = Release;
		};
		95F5747F218D0BBB00E7FF61 /* Build configuration list for PBXNativeTarget "Adopt-A-PlotTests" */ = {
			isa = XCConfigurationList;
			buildConfigurations = (
				95F57480218D0BBB00E7FF61 /* Debug */,
				95F57481218D0BBB00E7FF61 /* Release */,
			);
			defaultConfigurationIsVisible = 0;
			defaultConfigurationName = Release;
		};
		95F57482218D0BBB00E7FF61 /* Build configuration list for PBXNativeTarget "Adopt-A-PlotUITests" */ = {
			isa = XCConfigurationList;
			buildConfigurations = (
				95F57483218D0BBB00E7FF61 /* Debug */,
				95F57484218D0BBB00E7FF61 /* Release */,
			);
			defaultConfigurationIsVisible = 0;
			defaultConfigurationName = Release;
		};
/* End XCConfigurationList section */
	};
	rootObject = 95F5744C218D0BB600E7FF61 /* Project object */;
}
